
Microsoft Visual Studio Solution File, Format Version 12.00
# Visual Studio Version 16
VisualStudioVersion = 16.0.29806.167
MinimumVisualStudioVersion = 10.0.40219.1
Project("{FAE04EC0-301F-11D3-BF4B-00C04F79EFBC}") = "PolymorphismInterface", "PolymorphismInterface\PolymorphismInterface.csproj", "{7C1E4900-03C4-4A65-A548-9E5F526D3E29}"
EndProject
Global
	GlobalSection(SolutionConfigurationPlatforms) = preSolution
		Debug|Any CPU = Debug|Any CPU
		Release|Any CPU = Release|Any CPU
	EndGlobalSection
	GlobalSection(ProjectConfigurationPlatforms) = postSolution
		{7C1E4900-03C4-4A65-A548-9E5F526D3E29}.Debug|Any CPU.ActiveCfg = Debug|Any CPU
		{7C1E4900-03C4-4A65-A548-9E5F526D3E29}.Debug|Any CPU.Build.0 = Debug|Any CPU
		{7C1E4900-03C4-4A65-A548-9E5F526D3E29}.Release|Any CPU.ActiveCfg = Release|Any CPU
		{7C1E4900-03C4-4A65-A548-9E5F526D3E29}.Release|Any CPU.Build.0 = Release|Any CPU
	EndGlobalSection
	GlobalSection(SolutionProperties) = preSolution
		HideSolutionNode = FALSE
	EndGlobalSection
	GlobalSection(ExtensibilityGlobals) = postSolution
		SolutionGuid = {7DA1C0F1-1BC3-4DCC-AF61-B51DDF3BC431}
	EndGlobalSection
EndGlobal
